// !$*UTF8*$!
{
	archiveVersion = 1;
	classes = {
	};
	objectVersion = 48;
	objects = {

/* Begin PBXBuildFile section */
		62223F2A204B3DEE0013AE8C /* locData.json in Resources */ = {isa = PBXBuildFile; fileRef = 62223F29204B3DEE0013AE8C /* locData.json */; };
		6293C39F2047BDEA004B5790 /* AppDelegate.swift in Sources */ = {isa = PBXBuildFile; fileRef = 6293C39E2047BDEA004B5790 /* AppDelegate.swift */; };
		6293C3A12047BDEA004B5790 /* ViewController.swift in Sources */ = {isa = PBXBuildFile; fileRef = 6293C3A02047BDEA004B5790 /* ViewController.swift */; };
		6293C3A42047BDEA004B5790 /* Main.storyboard in Resources */ = {isa = PBXBuildFile; fileRef = 6293C3A22047BDEA004B5790 /* Main.storyboard */; };
		6293C3A62047BDEA004B5790 /* Assets.xcassets in Resources */ = {isa = PBXBuildFile; fileRef = 6293C3A52047BDEA004B5790 /* Assets.xcassets */; };
		6293C3A92047BDEA004B5790 /* LaunchScreen.storyboard in Resources */ = {isa = PBXBuildFile; fileRef = 6293C3A72047BDEA004B5790 /* LaunchScreen.storyboard */; };
		6293C3B42047BDEA004B5790 /* PotholeTests.swift in Sources */ = {isa = PBXBuildFile; fileRef = 6293C3B32047BDEA004B5790 /* PotholeTests.swift */; };
		6293C3BF2047BDEA004B5790 /* PotholeUITests.swift in Sources */ = {isa = PBXBuildFile; fileRef = 6293C3BE2047BDEA004B5790 /* PotholeUITests.swift */; };
/* End PBXBuildFile section */

/* Begin PBXContainerItemProxy section */
		6293C3B02047BDEA004B5790 /* PBXContainerItemProxy */ = {
			isa = PBXContainerItemProxy;
			containerPortal = 6293C3932047BDE9004B5790 /* Project object */;
			proxyType = 1;
			remoteGlobalIDString = 6293C39A2047BDEA004B5790;
			remoteInfo = Pothole;
		};
		6293C3BB2047BDEA004B5790 /* PBXContainerItemProxy */ = {
			isa = PBXContainerItemProxy;
			containerPortal = 6293C3932047BDE9004B5790 /* Project object */;
			proxyType = 1;
			remoteGlobalIDString = 6293C39A2047BDEA004B5790;
			remoteInfo = Pothole;
		};
/* End PBXContainerItemProxy section */

/* Begin PBXFileReference section */
		62223F29204B3DEE0013AE8C /* locData.json */ = {isa = PBXFileReference; lastKnownFileType = text.json; path = locData.json; sourceTree = "<group>"; };
		6293C39B2047BDEA004B5790 /* Pothole.app */ = {isa = PBXFileReference; explicitFileType = wrapper.application; includeInIndex = 0; path = Pothole.app; sourceTree = BUILT_PRODUCTS_DIR; };
		6293C39E2047BDEA004B5790 /* AppDelegate.swift */ = {isa = PBXFileReference; lastKnownFileType = sourcecode.swift; path = AppDelegate.swift; sourceTree = "<group>"; };
		6293C3A02047BDEA004B5790 /* ViewController.swift */ = {isa = PBXFileReference; lastKnownFileType = sourcecode.swift; path = ViewController.swift; sourceTree = "<group>"; };
		6293C3A32047BDEA004B5790 /* Base */ = {isa = PBXFileReference; lastKnownFileType = file.storyboard; name = Base; path = Base.lproj/Main.storyboard; sourceTree = "<group>"; };
		6293C3A52047BDEA004B5790 /* Assets.xcassets */ = {isa = PBXFileReference; lastKnownFileType = folder.assetcatalog; path = Assets.xcassets; sourceTree = "<group>"; };
		6293C3A82047BDEA004B5790 /* Base */ = {isa = PBXFileReference; lastKnownFileType = file.storyboard; name = Base; path = Base.lproj/LaunchScreen.storyboard; sourceTree = "<group>"; };
		6293C3AA2047BDEA004B5790 /* Info.plist */ = {isa = PBXFileReference; lastKnownFileType = text.plist.xml; path = Info.plist; sourceTree = "<group>"; };
		6293C3AF2047BDEA004B5790 /* PotholeTests.xctest */ = {isa = PBXFileReference; explicitFileType = wrapper.cfbundle; includeInIndex = 0; path = PotholeTests.xctest; sourceTree = BUILT_PRODUCTS_DIR; };
		6293C3B32047BDEA004B5790 /* PotholeTests.swift */ = {isa = PBXFileReference; lastKnownFileType = sourcecode.swift; path = PotholeTests.swift; sourceTree = "<group>"; };
		6293C3B52047BDEA004B5790 /* Info.plist */ = {isa = PBXFileReference; lastKnownFileType = text.plist.xml; path = Info.plist; sourceTree = "<group>"; };
		6293C3BA2047BDEA004B5790 /* PotholeUITests.xctest */ = {isa = PBXFileReference; explicitFileType = wrapper.cfbundle; includeInIndex = 0; path = PotholeUITests.xctest; sourceTree = BUILT_PRODUCTS_DIR; };
		6293C3BE2047BDEA004B5790 /* PotholeUITests.swift */ = {isa = PBXFileReference; lastKnownFileType = sourcecode.swift; path = PotholeUITests.swift; sourceTree = "<group>"; };
		6293C3C02047BDEA004B5790 /* Info.plist */ = {isa = PBXFileReference; lastKnownFileType = text.plist.xml; path = Info.plist; sourceTree = "<group>"; };
/* End PBXFileReference section */

/* Begin PBXFrameworksBuildPhase section */
		6293C3982047BDEA004B5790 /* Frameworks */ = {
			isa = PBXFrameworksBuildPhase;
			buildActionMask = 2147483647;
			files = (
			);
			runOnlyForDeploymentPostprocessing = 0;
		};
		6293C3AC2047BDEA004B5790 /* Frameworks */ = {
			isa = PBXFrameworksBuildPhase;
			buildActionMask = 2147483647;
			files = (
			);
			runOnlyForDeploymentPostprocessing = 0;
		};
		6293C3B72047BDEA004B5790 /* Frameworks */ = {
			isa = PBXFrameworksBuildPhase;
			buildActionMask = 2147483647;
			files = (
			);
			runOnlyForDeploymentPostprocessing = 0;
		};
/* End PBXFrameworksBuildPhase section */

/* Begin PBXGroup section */
		6293C3922047BDE9004B5790 = {
			isa = PBXGroup;
			children = (
				6293C39D2047BDEA004B5790 /* Pothole */,
				6293C3B22047BDEA004B5790 /* PotholeTests */,
				6293C3BD2047BDEA004B5790 /* PotholeUITests */,
				6293C39C2047BDEA004B5790 /* Products */,
			);
			sourceTree = "<group>";
		};
		6293C39C2047BDEA004B5790 /* Products */ = {
			isa = PBXGroup;
			children = (
				6293C39B2047BDEA004B5790 /* Pothole.app */,
				6293C3AF2047BDEA004B5790 /* PotholeTests.xctest */,
				6293C3BA2047BDEA004B5790 /* PotholeUITests.xctest */,
			);
			name = Products;
			sourceTree = "<group>";
		};
		6293C39D2047BDEA004B5790 /* Pothole */ = {
			isa = PBXGroup;
			children = (
				6293C39E2047BDEA004B5790 /* AppDelegate.swift */,
				6293C3A02047BDEA004B5790 /* ViewController.swift */,
				6293C3A22047BDEA004B5790 /* Main.storyboard */,
				6293C3A52047BDEA004B5790 /* Assets.xcassets */,
				6293C3A72047BDEA004B5790 /* LaunchScreen.storyboard */,
				6293C3AA2047BDEA004B5790 /* Info.plist */,
				62223F29204B3DEE0013AE8C /* locData.json */,
			);
			path = Pothole;
			sourceTree = "<group>";
		};
		6293C3B22047BDEA004B5790 /* PotholeTests */ = {
			isa = PBXGroup;
			children = (
				6293C3B32047BDEA004B5790 /* PotholeTests.swift */,
				6293C3B52047BDEA004B5790 /* Info.plist */,
			);
			path = PotholeTests;
			sourceTree = "<group>";
		};
		6293C3BD2047BDEA004B5790 /* PotholeUITests */ = {
			isa = PBXGroup;
			children = (
				6293C3BE2047BDEA004B5790 /* PotholeUITests.swift */,
				6293C3C02047BDEA004B5790 /* Info.plist */,
			);
			path = PotholeUITests;
			sourceTree = "<group>";
		};
/* End PBXGroup section */

/* Begin PBXNativeTarget section */
		6293C39A2047BDEA004B5790 /* Pothole */ = {
			isa = PBXNativeTarget;
			buildConfigurationList = 6293C3C32047BDEA004B5790 /* Build configuration list for PBXNativeTarget "Pothole" */;
			buildPhases = (
				6293C3972047BDEA004B5790 /* Sources */,
				6293C3982047BDEA004B5790 /* Frameworks */,
				6293C3992047BDEA004B5790 /* Resources */,
			);
			buildRules = (
			);
			dependencies = (
			);
			name = Pothole;
			productName = Pothole;
			productReference = 6293C39B2047BDEA004B5790 /* Pothole.app */;
			productType = "com.apple.product-type.application";
		};
		6293C3AE2047BDEA004B5790 /* PotholeTests */ = {
			isa = PBXNativeTarget;
			buildConfigurationList = 6293C3C62047BDEA004B5790 /* Build configuration list for PBXNativeTarget "PotholeTests" */;
			buildPhases = (
				6293C3AB2047BDEA004B5790 /* Sources */,
				6293C3AC2047BDEA004B5790 /* Frameworks */,
				6293C3AD2047BDEA004B5790 /* Resources */,
			);
			buildRules = (
			);
			dependencies = (
				6293C3B12047BDEA004B5790 /* PBXTargetDependency */,
			);
			name = PotholeTests;
			productName = PotholeTests;
			productReference = 6293C3AF2047BDEA004B5790 /* PotholeTests.xctest */;
			productType = "com.apple.product-type.bundle.unit-test";
		};
		6293C3B92047BDEA004B5790 /* PotholeUITests */ = {
			isa = PBXNativeTarget;
			buildConfigurationList = 6293C3C92047BDEA004B5790 /* Build configuration list for PBXNativeTarget "PotholeUITests" */;
			buildPhases = (
				6293C3B62047BDEA004B5790 /* Sources */,
				6293C3B72047BDEA004B5790 /* Frameworks */,
				6293C3B82047BDEA004B5790 /* Resources */,
			);
			buildRules = (
			);
			dependencies = (
				6293C3BC2047BDEA004B5790 /* PBXTargetDependency */,
			);
			name = PotholeUITests;
			productName = PotholeUITests;
			productReference = 6293C3BA2047BDEA004B5790 /* PotholeUITests.xctest */;
			productType = "com.apple.product-type.bundle.ui-testing";
		};
/* End PBXNativeTarget section */

/* Begin PBXProject section */
		6293C3932047BDE9004B5790 /* Project object */ = {
			isa = PBXProject;
			attributes = {
				LastSwiftUpdateCheck = 0920;
				LastUpgradeCheck = 0920;
				ORGANIZATIONNAME = "Haile Lakew";
				TargetAttributes = {
					6293C39A2047BDEA004B5790 = {
						CreatedOnToolsVersion = 9.2;
						ProvisioningStyle = Automatic;
					};
					6293C3AE2047BDEA004B5790 = {
						CreatedOnToolsVersion = 9.2;
						ProvisioningStyle = Automatic;
						TestTargetID = 6293C39A2047BDEA004B5790;
					};
					6293C3B92047BDEA004B5790 = {
						CreatedOnToolsVersion = 9.2;
						ProvisioningStyle = Automatic;
						TestTargetID = 6293C39A2047BDEA004B5790;
					};
				};
			};
			buildConfigurationList = 6293C3962047BDE9004B5790 /* Build configuration list for PBXProject "Pothole" */;
			compatibilityVersion = "Xcode 8.0";
			developmentRegion = en;
			hasScannedForEncodings = 0;
			knownRegions = (
				en,
				Base,
			);
			mainGroup = 6293C3922047BDE9004B5790;
			productRefGroup = 6293C39C2047BDEA004B5790 /* Products */;
			projectDirPath = "";
			projectRoot = "";
			targets = (
				6293C39A2047BDEA004B5790 /* Pothole */,
				6293C3AE2047BDEA004B5790 /* PotholeTests */,
				6293C3B92047BDEA004B5790 /* PotholeUITests */,
			);
		};
/* End PBXProject section */

/* Begin PBXResourcesBuildPhase section */
		6293C3992047BDEA004B5790 /* Resources */ = {
			isa = PBXResourcesBuildPhase;
			buildActionMask = 2147483647;
			files = (
				62223F2A204B3DEE0013AE8C /* locData.json in Resources */,
				6293C3A92047BDEA004B5790 /* LaunchScreen.storyboard in Resources */,
				6293C3A62047BDEA004B5790 /* Assets.xcassets in Resources */,
				6293C3A42047BDEA004B5790 /* Main.storyboard in Resources */,
			);
			runOnlyForDeploymentPostprocessing = 0;
		};
		6293C3AD2047BDEA004B5790 /* Resources */ = {
			isa = PBXResourcesBuildPhase;
			buildActionMask = 2147483647;
			files = (
			);
			runOnlyForDeploymentPostprocessing = 0;
		};
		6293C3B82047BDEA004B5790 /* Resources */ = {
			isa = PBXResourcesBuildPhase;
			buildActionMask = 2147483647;
			files = (
			);
			runOnlyForDeploymentPostprocessing = 0;
		};
/* End PBXResourcesBuildPhase section */

/* Begin PBXSourcesBuildPhase section */
		6293C3972047BDEA004B5790 /* Sources */ = {
			isa = PBXSourcesBuildPhase;
			buildActionMask = 2147483647;
			files = (
				6293C3A12047BDEA004B5790 /* ViewController.swift in Sources */,
				6293C39F2047BDEA004B5790 /* AppDelegate.swift in Sources */,
			);
			runOnlyForDeploymentPostprocessing = 0;
		};
		6293C3AB2047BDEA004B5790 /* Sources */ = {
			isa = PBXSourcesBuildPhase;
			buildActionMask = 2147483647;
			files = (
				6293C3B42047BDEA004B5790 /* PotholeTests.swift in Sources */,
			);
			runOnlyForDeploymentPostprocessing = 0;
		};
		6293C3B62047BDEA004B5790 /* Sources */ = {
			isa = PBXSourcesBuildPhase;
			buildActionMask = 2147483647;
			files = (
				6293C3BF2047BDEA004B5790 /* PotholeUITests.swift in Sources */,
			);
			runOnlyForDeploymentPostprocessing = 0;
		};
/* End PBXSourcesBuildPhase section */

/* Begin PBXTargetDependency section */
		6293C3B12047BDEA004B5790 /* PBXTargetDependency */ = {
			isa = PBXTargetDependency;
			target = 6293C39A2047BDEA004B5790 /* Pothole */;
			targetProxy = 6293C3B02047BDEA004B5790 /* PBXContainerItemProxy */;
		};
		6293C3BC2047BDEA004B5790 /* PBXTargetDependency */ = {
			isa = PBXTargetDependency;
			target = 6293C39A2047BDEA004B5790 /* Pothole */;
			targetProxy = 6293C3BB2047BDEA004B5790 /* PBXContainerItemProxy */;
		};
/* End PBXTargetDependency section */

/* Begin PBXVariantGroup section */
		6293C3A22047BDEA004B5790 /* Main.storyboard */ = {
			isa = PBXVariantGroup;
			children = (
				6293C3A32047BDEA004B5790 /* Base */,
			);
			name = Main.storyboard;
			sourceTree = "<group>";
		};
		6293C3A72047BDEA004B5790 /* LaunchScreen.storyboard */ = {
			isa = PBXVariantGroup;
			children = (
				6293C3A82047BDEA004B5790 /* Base */,
			);
			name = LaunchScreen.storyboard;
			sourceTree = "<group>";
		};
/* End PBXVariantGroup section */

/* Begin XCBuildConfiguration section */
		6293C3C12047BDEA004B5790 /* Debug */ = {
			isa = XCBuildConfiguration;
			buildSettings = {
				ALWAYS_SEARCH_USER_PATHS = NO;
				CLANG_ANALYZER_NONNULL = YES;
				CLANG_ANALYZER_NUMBER_OBJECT_CONVERSION = YES_AGGRESSIVE;
				CLANG_CXX_LANGUAGE_STANDARD = "gnu++14";
				CLANG_CXX_LIBRARY = "libc++";
				CLANG_ENABLE_MODULES = YES;
				CLANG_ENABLE_OBJC_ARC = YES;
				CLANG_WARN_BLOCK_CAPTURE_AUTORELEASING = YES;
				CLANG_WARN_BOOL_CONVERSION = YES;
				CLANG_WARN_COMMA = YES;
				CLANG_WARN_CONSTANT_CONVERSION = YES;
				CLANG_WARN_DIRECT_OBJC_ISA_USAGE = YES_ERROR;
				CLANG_WARN_DOCUMENTATION_COMMENTS = YES;
				CLANG_WARN_EMPTY_BODY = YES;
				CLANG_WARN_ENUM_CONVERSION = YES;
				CLANG_WARN_INFINITE_RECURSION = YES;
				CLANG_WARN_INT_CONVERSION = YES;
				CLANG_WARN_NON_LITERAL_NULL_CONVERSION = YES;
				CLANG_WARN_OBJC_LITERAL_CONVERSION = YES;
				CLANG_WARN_OBJC_ROOT_CLASS = YES_ERROR;
				CLANG_WARN_RANGE_LOOP_ANALYSIS = YES;
				CLANG_WARN_STRICT_PROTOTYPES = YES;
				CLANG_WARN_SUSPICIOUS_MOVE = YES;
				CLANG_WARN_UNGUARDED_AVAILABILITY = YES_AGGRESSIVE;
				CLANG_WARN_UNREACHABLE_CODE = YES;
				CLANG_WARN__DUPLICATE_METHOD_MATCH = YES;
				CODE_SIGN_IDENTITY = "iPhone Developer";
				COPY_PHASE_STRIP = NO;
				DEBUG_INFORMATION_FORMAT = dwarf;
				ENABLE_STRICT_OBJC_MSGSEND = YES;
				ENABLE_TESTABILITY = YES;
				GCC_C_LANGUAGE_STANDARD = gnu11;
				GCC_DYNAMIC_NO_PIC = NO;
				GCC_NO_COMMON_BLOCKS = YES;
				GCC_OPTIMIZATION_LEVEL = 0;
				GCC_PREPROCESSOR_DEFINITIONS = (
					"DEBUG=1",
					"$(inherited)",
				);
				GCC_WARN_64_TO_32_BIT_CONVERSION = YES;
				GCC_WARN_ABOUT_RETURN_TYPE = YES_ERROR;
				GCC_WARN_UNDECLARED_SELECTOR = YES;
				GCC_WARN_UNINITIALIZED_AUTOS = YES_AGGRESSIVE;
				GCC_WARN_UNUSED_FUNCTION = YES;
				GCC_WARN_UNUSED_VARIABLE = YES;
				IPHONEOS_DEPLOYMENT_TARGET = 11.2;
				MTL_ENABLE_DEBUG_INFO = YES;
				ONLY_ACTIVE_ARCH = YES;
				SDKROOT = iphoneos;
				SWIFT_ACTIVE_COMPILATION_CONDITIONS = DEBUG;
				SWIFT_OPTIMIZATION_LEVEL = "-Onone";
			};
			name = Debug;
		};
		6293C3C22047BDEA004B5790 /* Release */ = {
			isa = XCBuildConfiguration;
			buildSettings = {
				ALWAYS_SEARCH_USER_PATHS = NO;
				CLANG_ANALYZER_NONNULL = YES;
				CLANG_ANALYZER_NUMBER_OBJECT_CONVERSION = YES_AGGRESSIVE;
				CLANG_CXX_LANGUAGE_STANDARD = "gnu++14";
				CLANG_CXX_LIBRARY = "libc++";
				CLANG_ENABLE_MODULES = YES;
				CLANG_ENABLE_OBJC_ARC = YES;
				CLANG_WARN_BLOCK_CAPTURE_AUTORELEASING = YES;
				CLANG_WARN_BOOL_CONVERSION = YES;
				CLANG_WARN_COMMA = YES;
				CLANG_WARN_CONSTANT_CONVERSION = YES;
				CLANG_WARN_DIRECT_OBJC_ISA_USAGE = YES_ERROR;
				CLANG_WARN_DOCUMENTATION_COMMENTS = YES;
				CLANG_WARN_EMPTY_BODY = YES;
				CLANG_WARN_ENUM_CONVERSION = YES;
				CLANG_WARN_INFINITE_RECURSION = YES;
				CLANG_WARN_INT_CONVERSION = YES;
				CLANG_WARN_NON_LITERAL_NULL_CONVERSION = YES;
				CLANG_WARN_OBJC_LITERAL_CONVERSION = YES;
				CLANG_WARN_OBJC_ROOT_CLASS = YES_ERROR;
				CLANG_WARN_RANGE_LOOP_ANALYSIS = YES;
				CLANG_WARN_STRICT_PROTOTYPES = YES;
				CLANG_WARN_SUSPICIOUS_MOVE = YES;
				CLANG_WARN_UNGUARDED_AVAILABILITY = YES_AGGRESSIVE;
				CLANG_WARN_UNREACHABLE_CODE = YES;
				CLANG_WARN__DUPLICATE_METHOD_MATCH = YES;
				CODE_SIGN_IDENTITY = "iPhone Developer";
				COPY_PHASE_STRIP = NO;
				DEBUG_INFORMATION_FORMAT = "dwarf-with-dsym";
				ENABLE_NS_ASSERTIONS = NO;
				ENABLE_STRICT_OBJC_MSGSEND = YES;
				GCC_C_LANGUAGE_STANDARD = gnu11;
				GCC_NO_COMMON_BLOCKS = YES;
				GCC_WARN_64_TO_32_BIT_CONVERSION = YES;
				GCC_WARN_ABOUT_RETURN_TYPE = YES_ERROR;
				GCC_WARN_UNDECLARED_SELECTOR = YES;
				GCC_WARN_UNINITIALIZED_AUTOS = YES_AGGRESSIVE;
				GCC_WARN_UNUSED_FUNCTION = YES;
				GCC_WARN_UNUSED_VARIABLE = YES;
				IPHONEOS_DEPLOYMENT_TARGET = 11.2;
				MTL_ENABLE_DEBUG_INFO = NO;
				SDKROOT = iphoneos;
				SWIFT_OPTIMIZATION_LEVEL = "-Owholemodule";
				VALIDATE_PRODUCT = YES;
			};
			name = Release;
		};
		6293C3C42047BDEA004B5790 /* Debug */ = {
			isa = XCBuildConfiguration;
			buildSettings = {
				ASSETCATALOG_COMPILER_APPICON_NAME = AppIcon;
				CODE_SIGN_STYLE = Automatic;
				INFOPLIST_FILE = Pothole/Info.plist;
				LD_RUNPATH_SEARCH_PATHS = "$(inherited) @executable_path/Frameworks";
				PRODUCT_BUNDLE_IDENTIFIER = UTDallas.Pothole;
				PRODUCT_NAME = "$(TARGET_NAME)";
				SWIFT_VERSION = 4.0;
				TARGETED_DEVICE_FAMILY = "1,2";
			};
			name = Debug;
		};
		6293C3C52047BDEA004B5790 /* Release */ = {
			isa = XCBuildConfiguration;
			buildSettings = {
				ASSETCATALOG_COMPILER_APPICON_NAME = AppIcon;
				CODE_SIGN_STYLE = Automatic;
				INFOPLIST_FILE = Pothole/Info.plist;
				LD_RUNPATH_SEARCH_PATHS = "$(inherited) @executable_path/Frameworks";
				PRODUCT_BUNDLE_IDENTIFIER = UTDallas.Pothole;
				PRODUCT_NAME = "$(TARGET_NAME)";
				SWIFT_VERSION = 4.0;
				TARGETED_DEVICE_FAMILY = "1,2";
			};
			name = Release;
		};
		6293C3C72047BDEA004B5790 /* Debug */ = {
			isa = XCBuildConfiguration;
			buildSettings = {
				ALWAYS_EMBED_SWIFT_STANDARD_LIBRARIES = YES;
				BUNDLE_LOADER = "$(TEST_HOST)";
				CODE_SIGN_STYLE = Automatic;
				INFOPLIST_FILE = PotholeTests/Info.plist;
				LD_RUNPATH_SEARCH_PATHS = "$(inherited) @executable_path/Frameworks @loader_path/Frameworks";
				PRODUCT_BUNDLE_IDENTIFIER = UTDallas.PotholeTests;
				PRODUCT_NAME = "$(TARGET_NAME)";
				SWIFT_VERSION = 4.0;
				TARGETED_DEVICE_FAMILY = "1,2";
				TEST_HOST = "$(BUILT_PRODUCTS_DIR)/Pothole.app/Pothole";
			};
			name = Debug;
		};
		6293C3C82047BDEA004B5790 /* Release */ = {
			isa = XCBuildConfiguration;
			buildSettings = {
				ALWAYS_EMBED_SWIFT_STANDARD_LIBRARIES = YES;
				BUNDLE_LOADER = "$(TEST_HOST)";
				CODE_SIGN_STYLE = Automatic;
				INFOPLIST_FILE = PotholeTests/Info.plist;
				LD_RUNPATH_SEARCH_PATHS = "$(inherited) @executable_path/Frameworks @loader_path/Frameworks";
				PRODUCT_BUNDLE_IDENTIFIER = UTDallas.PotholeTests;
				PRODUCT_NAME = "$(TARGET_NAME)";
				SWIFT_VERSION = 4.0;
				TARGETED_DEVICE_FAMILY = "1,2";
				TEST_HOST = "$(BUILT_PRODUCTS_DIR)/Pothole.app/Pothole";
			};
			name = Release;
		};
		6293C3CA2047BDEA004B5790 /* Debug */ = {
			isa = XCBuildConfiguration;
			buildSettings = {
				ALWAYS_EMBED_SWIFT_STANDARD_LIBRARIES = YES;
				CODE_SIGN_STYLE = Automatic;
				INFOPLIST_FILE = PotholeUITests/Info.plist;
				LD_RUNPATH_SEARCH_PATHS = "$(inherited) @executable_path/Frameworks @loader_path/Frameworks";
				PRODUCT_BUNDLE_IDENTIFIER = UTDallas.PotholeUITests;
				PRODUCT_NAME = "$(TARGET_NAME)";
				SWIFT_VERSION = 4.0;
				TARGETED_DEVICE_FAMILY = "1,2";
				TEST_TARGET_NAME = Pothole;
			};
			name = Debug;
		};
		6293C3CB2047BDEA004B5790 /* Release */ = {
			isa = XCBuildConfiguration;
			buildSettings = {
				ALWAYS_EMBED_SWIFT_STANDARD_LIBRARIES = YES;
				CODE_SIGN_STYLE = Automatic;
				INFOPLIST_FILE = PotholeUITests/Info.plist;
				LD_RUNPATH_SEARCH_PATHS = "$(inherited) @executable_path/Frameworks @loader_path/Frameworks";
				PRODUCT_BUNDLE_IDENTIFIER = UTDallas.PotholeUITests;
				PRODUCT_NAME = "$(TARGET_NAME)";
				SWIFT_VERSION = 4.0;
				TARGETED_DEVICE_FAMILY = "1,2";
				TEST_TARGET_NAME = Pothole;
			};
			name = Release;
		};
/* End XCBuildConfiguration section */

/* Begin XCConfigurationList section */
		6293C3962047BDE9004B5790 /* Build configuration list for PBXProject "Pothole" */ = {
			isa = XCConfigurationList;
			buildConfigurations = (
				6293C3C12047BDEA004B5790 /* Debug */,
				6293C3C22047BDEA004B5790 /* Release */,
			);
			defaultConfigurationIsVisible = 0;
			defaultConfigurationName = Release;
		};
		6293C3C32047BDEA004B5790 /* Build configuration list for PBXNativeTarget "Pothole" */ = {
			isa = XCConfigurationList;
			buildConfigurations = (
				6293C3C42047BDEA004B5790 /* Debug */,
				6293C3C52047BDEA004B5790 /* Release */,
			);
			defaultConfigurationIsVisible = 0;
			defaultConfigurationName = Release;
		};
		6293C3C62047BDEA004B5790 /* Build configuration list for PBXNativeTarget "PotholeTests" */ = {
			isa = XCConfigurationList;
			buildConfigurations = (
				6293C3C72047BDEA004B5790 /* Debug */,
				6293C3C82047BDEA004B5790 /* Release */,
			);
			defaultConfigurationIsVisible = 0;
			defaultConfigurationName = Release;
		};
		6293C3C92047BDEA004B5790 /* Build configuration list for PBXNativeTarget "PotholeUITests" */ = {
			isa = XCConfigurationList;
			buildConfigurations = (
				6293C3CA2047BDEA004B5790 /* Debug */,
				6293C3CB2047BDEA004B5790 /* Release */,
			);
			defaultConfigurationIsVisible = 0;
			defaultConfigurationName = Release;
		};
/* End XCConfigurationList section */
	};
	rootObject = 6293C3932047BDE9004B5790 /* Project object */;
}
